// !$*UTF8*$!
{
	archiveVersion = 1;
	classes = {
	};
	objectVersion = 52;
	objects = {

/* Begin PBXBuildFile section */
		C65BC6392518A3AF001A7550 /* CocktailsModel.swift in Sources */ = {isa = PBXBuildFile; fileRef = C65BC6382518A3AF001A7550 /* CocktailsModel.swift */; };
		C65BC63B2518A3D8001A7550 /* CocktailsViewModel.swift in Sources */ = {isa = PBXBuildFile; fileRef = C65BC63A2518A3D8001A7550 /* CocktailsViewModel.swift */; };
		C6CC391B251881FD00EE9DD8 /* AppDelegate.swift in Sources */ = {isa = PBXBuildFile; fileRef = C6CC391A251881FD00EE9DD8 /* AppDelegate.swift */; };
		C6CC391D251881FD00EE9DD8 /* SceneDelegate.swift in Sources */ = {isa = PBXBuildFile; fileRef = C6CC391C251881FD00EE9DD8 /* SceneDelegate.swift */; };
		C6CC391F251881FD00EE9DD8 /* CocktailsListViewController.swift in Sources */ = {isa = PBXBuildFile; fileRef = C6CC391E251881FD00EE9DD8 /* CocktailsListViewController.swift */; };
		C6CC3922251881FD00EE9DD8 /* Main.storyboard in Resources */ = {isa = PBXBuildFile; fileRef = C6CC3920251881FD00EE9DD8 /* Main.storyboard */; };
		C6CC3924251881FE00EE9DD8 /* Assets.xcassets in Resources */ = {isa = PBXBuildFile; fileRef = C6CC3923251881FE00EE9DD8 /* Assets.xcassets */; };
		C6CC3927251881FE00EE9DD8 /* LaunchScreen.storyboard in Resources */ = {isa = PBXBuildFile; fileRef = C6CC3925251881FE00EE9DD8 /* LaunchScreen.storyboard */; };
		C6CC393C251887AF00EE9DD8 /* Alamofire in Frameworks */ = {isa = PBXBuildFile; productRef = C6CC393B251887AF00EE9DD8 /* Alamofire */; };
		C6CC393F251887F700EE9DD8 /* SDWebImage in Frameworks */ = {isa = PBXBuildFile; productRef = C6CC393E251887F700EE9DD8 /* SDWebImage */; };
		C6CC3941251887F700EE9DD8 /* SDWebImageMapKit in Frameworks */ = {isa = PBXBuildFile; productRef = C6CC3940251887F700EE9DD8 /* SDWebImageMapKit */; };
		C6CC39432518888700EE9DD8 /* Router.swift in Sources */ = {isa = PBXBuildFile; fileRef = C6CC39422518888700EE9DD8 /* Router.swift */; };
		C6CC394525188BDF00EE9DD8 /* CocktailsAPI.swift in Sources */ = {isa = PBXBuildFile; fileRef = C6CC394425188BDF00EE9DD8 /* CocktailsAPI.swift */; };
		C6CC394825188C7900EE9DD8 /* CategoriesWrapper.swift in Sources */ = {isa = PBXBuildFile; fileRef = C6CC394725188C7900EE9DD8 /* CategoriesWrapper.swift */; };
		C6CC394A25188C9100EE9DD8 /* CocktailsWrapper.swift in Sources */ = {isa = PBXBuildFile; fileRef = C6CC394925188C9100EE9DD8 /* CocktailsWrapper.swift */; };
/* End PBXBuildFile section */

/* Begin PBXFileReference section */
		C65BC6382518A3AF001A7550 /* CocktailsModel.swift */ = {isa = PBXFileReference; lastKnownFileType = sourcecode.swift; path = CocktailsModel.swift; sourceTree = "<group>"; };
		C65BC63A2518A3D8001A7550 /* CocktailsViewModel.swift */ = {isa = PBXFileReference; lastKnownFileType = sourcecode.swift; path = CocktailsViewModel.swift; sourceTree = "<group>"; };
		C6CC3917251881FD00EE9DD8 /* ParadiseOfDrinks.app */ = {isa = PBXFileReference; explicitFileType = wrapper.application; includeInIndex = 0; path = ParadiseOfDrinks.app; sourceTree = BUILT_PRODUCTS_DIR; };
		C6CC391A251881FD00EE9DD8 /* AppDelegate.swift */ = {isa = PBXFileReference; lastKnownFileType = sourcecode.swift; path = AppDelegate.swift; sourceTree = "<group>"; };
		C6CC391C251881FD00EE9DD8 /* SceneDelegate.swift */ = {isa = PBXFileReference; lastKnownFileType = sourcecode.swift; path = SceneDelegate.swift; sourceTree = "<group>"; };
		C6CC391E251881FD00EE9DD8 /* CocktailsListViewController.swift */ = {isa = PBXFileReference; lastKnownFileType = sourcecode.swift; path = CocktailsListViewController.swift; sourceTree = "<group>"; };
		C6CC3921251881FD00EE9DD8 /* Base */ = {isa = PBXFileReference; lastKnownFileType = file.storyboard; name = Base; path = Base.lproj/Main.storyboard; sourceTree = "<group>"; };
		C6CC3923251881FE00EE9DD8 /* Assets.xcassets */ = {isa = PBXFileReference; lastKnownFileType = folder.assetcatalog; path = Assets.xcassets; sourceTree = "<group>"; };
		C6CC3926251881FE00EE9DD8 /* Base */ = {isa = PBXFileReference; lastKnownFileType = file.storyboard; name = Base; path = Base.lproj/LaunchScreen.storyboard; sourceTree = "<group>"; };
		C6CC3928251881FE00EE9DD8 /* Info.plist */ = {isa = PBXFileReference; lastKnownFileType = text.plist.xml; path = Info.plist; sourceTree = "<group>"; };
		C6CC39422518888700EE9DD8 /* Router.swift */ = {isa = PBXFileReference; lastKnownFileType = sourcecode.swift; path = Router.swift; sourceTree = "<group>"; };
		C6CC394425188BDF00EE9DD8 /* CocktailsAPI.swift */ = {isa = PBXFileReference; lastKnownFileType = sourcecode.swift; path = CocktailsAPI.swift; sourceTree = "<group>"; };
		C6CC394725188C7900EE9DD8 /* CategoriesWrapper.swift */ = {isa = PBXFileReference; lastKnownFileType = sourcecode.swift; path = CategoriesWrapper.swift; sourceTree = "<group>"; };
		C6CC394925188C9100EE9DD8 /* CocktailsWrapper.swift */ = {isa = PBXFileReference; lastKnownFileType = sourcecode.swift; path = CocktailsWrapper.swift; sourceTree = "<group>"; };
/* End PBXFileReference section */

/* Begin PBXFrameworksBuildPhase section */
		C6CC3914251881FC00EE9DD8 /* Frameworks */ = {
			isa = PBXFrameworksBuildPhase;
			buildActionMask = 2147483647;
			files = (
				C6CC393F251887F700EE9DD8 /* SDWebImage in Frameworks */,
				C6CC3941251887F700EE9DD8 /* SDWebImageMapKit in Frameworks */,
				C6CC393C251887AF00EE9DD8 /* Alamofire in Frameworks */,
			);
			runOnlyForDeploymentPostprocessing = 0;
		};
/* End PBXFrameworksBuildPhase section */

/* Begin PBXGroup section */
		C65BC6372518A389001A7550 /* DataModel */ = {
			isa = PBXGroup;
			children = (
				C65BC6382518A3AF001A7550 /* CocktailsModel.swift */,
			);
			path = DataModel;
			sourceTree = "<group>";
		};
		C6CC390E251881FC00EE9DD8 = {
			isa = PBXGroup;
			children = (
				C6CC3919251881FD00EE9DD8 /* ParadiseOfDrinks */,
				C6CC3918251881FD00EE9DD8 /* Products */,
			);
			sourceTree = "<group>";
		};
		C6CC3918251881FD00EE9DD8 /* Products */ = {
			isa = PBXGroup;
			children = (
				C6CC3917251881FD00EE9DD8 /* ParadiseOfDrinks.app */,
			);
			name = Products;
			sourceTree = "<group>";
		};
		C6CC3919251881FD00EE9DD8 /* ParadiseOfDrinks */ = {
			isa = PBXGroup;
			children = (
				C6CC391A251881FD00EE9DD8 /* AppDelegate.swift */,
				C6CC391C251881FD00EE9DD8 /* SceneDelegate.swift */,
				C6CC392E2518821700EE9DD8 /* Classes */,
				C6CC392F2518823600EE9DD8 /* Resources */,
				C6CC39302518826500EE9DD8 /* Supporting files */,
			);
			path = ParadiseOfDrinks;
			sourceTree = "<group>";
		};
		C6CC392E2518821700EE9DD8 /* Classes */ = {
			isa = PBXGroup;
			children = (
				C6CC39382518831B00EE9DD8 /* Model */,
				C6CC39372518831000EE9DD8 /* ViewModel */,
				C6CC3936251882FF00EE9DD8 /* View */,
				C6CC3935251882ED00EE9DD8 /* Controllers */,
				C6CC3934251882E100EE9DD8 /* API */,
				C6CC3933251882D000EE9DD8 /* Extensions */,
			);
			path = Classes;
			sourceTree = "<group>";
		};
		C6CC392F2518823600EE9DD8 /* Resources */ = {
			isa = PBXGroup;
			children = (
				C6CC3932251882AD00EE9DD8 /* Fonts */,
				C6CC3923251881FE00EE9DD8 /* Assets.xcassets */,
			);
			path = Resources;
			sourceTree = "<group>";
		};
		C6CC39302518826500EE9DD8 /* Supporting files */ = {
			isa = PBXGroup;
			children = (
				C6CC3928251881FE00EE9DD8 /* Info.plist */,
			);
			path = "Supporting files";
			sourceTree = "<group>";
		};
		C6CC3932251882AD00EE9DD8 /* Fonts */ = {
			isa = PBXGroup;
			children = (
			);
			path = Fonts;
			sourceTree = "<group>";
		};
		C6CC3933251882D000EE9DD8 /* Extensions */ = {
			isa = PBXGroup;
			children = (
			);
			path = Extensions;
			sourceTree = "<group>";
		};
		C6CC3934251882E100EE9DD8 /* API */ = {
			isa = PBXGroup;
			children = (
				C6CC394425188BDF00EE9DD8 /* CocktailsAPI.swift */,
				C6CC39422518888700EE9DD8 /* Router.swift */,
			);
			path = API;
			sourceTree = "<group>";
		};
		C6CC3935251882ED00EE9DD8 /* Controllers */ = {
			isa = PBXGroup;
			children = (
				C6CC391E251881FD00EE9DD8 /* CocktailsListViewController.swift */,
			);
			path = Controllers;
			sourceTree = "<group>";
		};
		C6CC3936251882FF00EE9DD8 /* View */ = {
			isa = PBXGroup;
			children = (
				C6CC39392518839800EE9DD8 /* Storyboards */,
			);
			path = View;
			sourceTree = "<group>";
		};
		C6CC39372518831000EE9DD8 /* ViewModel */ = {
			isa = PBXGroup;
			children = (
				C65BC63A2518A3D8001A7550 /* CocktailsViewModel.swift */,
			);
			path = ViewModel;
			sourceTree = "<group>";
		};
		C6CC39382518831B00EE9DD8 /* Model */ = {
			isa = PBXGroup;
			children = (
				C65BC6372518A389001A7550 /* DataModel */,
				C6CC394625188C4D00EE9DD8 /* DecodableModels */,
			);
			path = Model;
			sourceTree = "<group>";
		};
		C6CC39392518839800EE9DD8 /* Storyboards */ = {
			isa = PBXGroup;
			children = (
				C6CC3920251881FD00EE9DD8 /* Main.storyboard */,
				C6CC3925251881FE00EE9DD8 /* LaunchScreen.storyboard */,
			);
			path = Storyboards;
			sourceTree = "<group>";
		};
		C6CC394625188C4D00EE9DD8 /* DecodableModels */ = {
			isa = PBXGroup;
			children = (
				C6CC394725188C7900EE9DD8 /* CategoriesWrapper.swift */,
				C6CC394925188C9100EE9DD8 /* CocktailsWrapper.swift */,
			);
			path = DecodableModels;
			sourceTree = "<group>";
		};
/* End PBXGroup section */

/* Begin PBXNativeTarget section */
		C6CC3916251881FC00EE9DD8 /* ParadiseOfDrinks */ = {
			isa = PBXNativeTarget;
			buildConfigurationList = C6CC392B251881FE00EE9DD8 /* Build configuration list for PBXNativeTarget "ParadiseOfDrinks" */;
			buildPhases = (
				C6CC3913251881FC00EE9DD8 /* Sources */,
				C6CC3914251881FC00EE9DD8 /* Frameworks */,
				C6CC3915251881FC00EE9DD8 /* Resources */,
			);
			buildRules = (
			);
			dependencies = (
			);
			name = ParadiseOfDrinks;
			packageProductDependencies = (
				C6CC393B251887AF00EE9DD8 /* Alamofire */,
				C6CC393E251887F700EE9DD8 /* SDWebImage */,
				C6CC3940251887F700EE9DD8 /* SDWebImageMapKit */,
			);
			productName = ParadiseOfDrinks;
			productReference = C6CC3917251881FD00EE9DD8 /* ParadiseOfDrinks.app */;
			productType = "com.apple.product-type.application";
		};
/* End PBXNativeTarget section */

/* Begin PBXProject section */
		C6CC390F251881FC00EE9DD8 /* Project object */ = {
			isa = PBXProject;
			attributes = {
				LastSwiftUpdateCheck = 1160;
				LastUpgradeCheck = 1160;
				ORGANIZATIONNAME = "Ekaterina Romanchenko";
				TargetAttributes = {
					C6CC3916251881FC00EE9DD8 = {
						CreatedOnToolsVersion = 11.6;
					};
				};
			};
			buildConfigurationList = C6CC3912251881FC00EE9DD8 /* Build configuration list for PBXProject "ParadiseOfDrinks" */;
			compatibilityVersion = "Xcode 9.3";
			developmentRegion = en;
			hasScannedForEncodings = 0;
			knownRegions = (
				en,
				Base,
			);
			mainGroup = C6CC390E251881FC00EE9DD8;
			packageReferences = (
				C6CC393A251887AF00EE9DD8 /* XCRemoteSwiftPackageReference "Alamofire" */,
				C6CC393D251887F700EE9DD8 /* XCRemoteSwiftPackageReference "SDWebImage" */,
			);
			productRefGroup = C6CC3918251881FD00EE9DD8 /* Products */;
			projectDirPath = "";
			projectRoot = "";
			targets = (
				C6CC3916251881FC00EE9DD8 /* ParadiseOfDrinks */,
			);
		};
/* End PBXProject section */

/* Begin PBXResourcesBuildPhase section */
		C6CC3915251881FC00EE9DD8 /* Resources */ = {
			isa = PBXResourcesBuildPhase;
			buildActionMask = 2147483647;
			files = (
				C6CC3927251881FE00EE9DD8 /* LaunchScreen.storyboard in Resources */,
				C6CC3924251881FE00EE9DD8 /* Assets.xcassets in Resources */,
				C6CC3922251881FD00EE9DD8 /* Main.storyboard in Resources */,
			);
			runOnlyForDeploymentPostprocessing = 0;
		};
/* End PBXResourcesBuildPhase section */

/* Begin PBXSourcesBuildPhase section */
		C6CC3913251881FC00EE9DD8 /* Sources */ = {
			isa = PBXSourcesBuildPhase;
			buildActionMask = 2147483647;
			files = (
				C6CC39432518888700EE9DD8 /* Router.swift in Sources */,
				C6CC391F251881FD00EE9DD8 /* CocktailsListViewController.swift in Sources */,
				C6CC394A25188C9100EE9DD8 /* CocktailsWrapper.swift in Sources */,
				C6CC394525188BDF00EE9DD8 /* CocktailsAPI.swift in Sources */,
				C6CC394825188C7900EE9DD8 /* CategoriesWrapper.swift in Sources */,
				C65BC63B2518A3D8001A7550 /* CocktailsViewModel.swift in Sources */,
				C65BC6392518A3AF001A7550 /* CocktailsModel.swift in Sources */,
				C6CC391B251881FD00EE9DD8 /* AppDelegate.swift in Sources */,
				C6CC391D251881FD00EE9DD8 /* SceneDelegate.swift in Sources */,
			);
			runOnlyForDeploymentPostprocessing = 0;
		};
/* End PBXSourcesBuildPhase section */

/* Begin PBXVariantGroup section */
		C6CC3920251881FD00EE9DD8 /* Main.storyboard */ = {
			isa = PBXVariantGroup;
			children = (
				C6CC3921251881FD00EE9DD8 /* Base */,
			);
			name = Main.storyboard;
			sourceTree = "<group>";
		};
		C6CC3925251881FE00EE9DD8 /* LaunchScreen.storyboard */ = {
			isa = PBXVariantGroup;
			children = (
				C6CC3926251881FE00EE9DD8 /* Base */,
			);
			name = LaunchScreen.storyboard;
			sourceTree = "<group>";
		};
/* End PBXVariantGroup section */

/* Begin XCBuildConfiguration section */
		C6CC3929251881FE00EE9DD8 /* Debug */ = {
			isa = XCBuildConfiguration;
			buildSettings = {
				ALWAYS_SEARCH_USER_PATHS = NO;
				CLANG_ANALYZER_NONNULL = YES;
				CLANG_ANALYZER_NUMBER_OBJECT_CONVERSION = YES_AGGRESSIVE;
				CLANG_CXX_LANGUAGE_STANDARD = "gnu++14";
				CLANG_CXX_LIBRARY = "libc++";
				CLANG_ENABLE_MODULES = YES;
				CLANG_ENABLE_OBJC_ARC = YES;
				CLANG_ENABLE_OBJC_WEAK = YES;
				CLANG_WARN_BLOCK_CAPTURE_AUTORELEASING = YES;
				CLANG_WARN_BOOL_CONVERSION = YES;
				CLANG_WARN_COMMA = YES;
				CLANG_WARN_CONSTANT_CONVERSION = YES;
				CLANG_WARN_DEPRECATED_OBJC_IMPLEMENTATIONS = YES;
				CLANG_WARN_DIRECT_OBJC_ISA_USAGE = YES_ERROR;
				CLANG_WARN_DOCUMENTATION_COMMENTS = YES;
				CLANG_WARN_EMPTY_BODY = YES;
				CLANG_WARN_ENUM_CONVERSION = YES;
				CLANG_WARN_INFINITE_RECURSION = YES;
				CLANG_WARN_INT_CONVERSION = YES;
				CLANG_WARN_NON_LITERAL_NULL_CONVERSION = YES;
				CLANG_WARN_OBJC_IMPLICIT_RETAIN_SELF = YES;
				CLANG_WARN_OBJC_LITERAL_CONVERSION = YES;
				CLANG_WARN_OBJC_ROOT_CLASS = YES_ERROR;
				CLANG_WARN_RANGE_LOOP_ANALYSIS = YES;
				CLANG_WARN_STRICT_PROTOTYPES = YES;
				CLANG_WARN_SUSPICIOUS_MOVE = YES;
				CLANG_WARN_UNGUARDED_AVAILABILITY = YES_AGGRESSIVE;
				CLANG_WARN_UNREACHABLE_CODE = YES;
				CLANG_WARN__DUPLICATE_METHOD_MATCH = YES;
				COPY_PHASE_STRIP = NO;
				DEBUG_INFORMATION_FORMAT = dwarf;
				ENABLE_STRICT_OBJC_MSGSEND = YES;
				ENABLE_TESTABILITY = YES;
				GCC_C_LANGUAGE_STANDARD = gnu11;
				GCC_DYNAMIC_NO_PIC = NO;
				GCC_NO_COMMON_BLOCKS = YES;
				GCC_OPTIMIZATION_LEVEL = 0;
				GCC_PREPROCESSOR_DEFINITIONS = (
					"DEBUG=1",
					"$(inherited)",
				);
				GCC_WARN_64_TO_32_BIT_CONVERSION = YES;
				GCC_WARN_ABOUT_RETURN_TYPE = YES_ERROR;
				GCC_WARN_UNDECLARED_SELECTOR = YES;
				GCC_WARN_UNINITIALIZED_AUTOS = YES_AGGRESSIVE;
				GCC_WARN_UNUSED_FUNCTION = YES;
				GCC_WARN_UNUSED_VARIABLE = YES;
				IPHONEOS_DEPLOYMENT_TARGET = 13.6;
				MTL_ENABLE_DEBUG_INFO = INCLUDE_SOURCE;
				MTL_FAST_MATH = YES;
				ONLY_ACTIVE_ARCH = YES;
				SDKROOT = iphoneos;
				SWIFT_ACTIVE_COMPILATION_CONDITIONS = DEBUG;
				SWIFT_OPTIMIZATION_LEVEL = "-Onone";
			};
			name = Debug;
		};
		C6CC392A251881FE00EE9DD8 /* Release */ = {
			isa = XCBuildConfiguration;
			buildSettings = {
				ALWAYS_SEARCH_USER_PATHS = NO;
				CLANG_ANALYZER_NONNULL = YES;
				CLANG_ANALYZER_NUMBER_OBJECT_CONVERSION = YES_AGGRESSIVE;
				CLANG_CXX_LANGUAGE_STANDARD = "gnu++14";
				CLANG_CXX_LIBRARY = "libc++";
				CLANG_ENABLE_MODULES = YES;
				CLANG_ENABLE_OBJC_ARC = YES;
				CLANG_ENABLE_OBJC_WEAK = YES;
				CLANG_WARN_BLOCK_CAPTURE_AUTORELEASING = YES;
				CLANG_WARN_BOOL_CONVERSION = YES;
				CLANG_WARN_COMMA = YES;
				CLANG_WARN_CONSTANT_CONVERSION = YES;
				CLANG_WARN_DEPRECATED_OBJC_IMPLEMENTATIONS = YES;
				CLANG_WARN_DIRECT_OBJC_ISA_USAGE = YES_ERROR;
				CLANG_WARN_DOCUMENTATION_COMMENTS = YES;
				CLANG_WARN_EMPTY_BODY = YES;
				CLANG_WARN_ENUM_CONVERSION = YES;
				CLANG_WARN_INFINITE_RECURSION = YES;
				CLANG_WARN_INT_CONVERSION = YES;
				CLANG_WARN_NON_LITERAL_NULL_CONVERSION = YES;
				CLANG_WARN_OBJC_IMPLICIT_RETAIN_SELF = YES;
				CLANG_WARN_OBJC_LITERAL_CONVERSION = YES;
				CLANG_WARN_OBJC_ROOT_CLASS = YES_ERROR;
				CLANG_WARN_RANGE_LOOP_ANALYSIS = YES;
				CLANG_WARN_STRICT_PROTOTYPES = YES;
				CLANG_WARN_SUSPICIOUS_MOVE = YES;
				CLANG_WARN_UNGUARDED_AVAILABILITY = YES_AGGRESSIVE;
				CLANG_WARN_UNREACHABLE_CODE = YES;
				CLANG_WARN__DUPLICATE_METHOD_MATCH = YES;
				COPY_PHASE_STRIP = NO;
				DEBUG_INFORMATION_FORMAT = "dwarf-with-dsym";
				ENABLE_NS_ASSERTIONS = NO;
				ENABLE_STRICT_OBJC_MSGSEND = YES;
				GCC_C_LANGUAGE_STANDARD = gnu11;
				GCC_NO_COMMON_BLOCKS = YES;
				GCC_WARN_64_TO_32_BIT_CONVERSION = YES;
				GCC_WARN_ABOUT_RETURN_TYPE = YES_ERROR;
				GCC_WARN_UNDECLARED_SELECTOR = YES;
				GCC_WARN_UNINITIALIZED_AUTOS = YES_AGGRESSIVE;
				GCC_WARN_UNUSED_FUNCTION = YES;
				GCC_WARN_UNUSED_VARIABLE = YES;
				IPHONEOS_DEPLOYMENT_TARGET = 13.6;
				MTL_ENABLE_DEBUG_INFO = NO;
				MTL_FAST_MATH = YES;
				SDKROOT = iphoneos;
				SWIFT_COMPILATION_MODE = wholemodule;
				SWIFT_OPTIMIZATION_LEVEL = "-O";
				VALIDATE_PRODUCT = YES;
			};
			name = Release;
		};
		C6CC392C251881FE00EE9DD8 /* Debug */ = {
			isa = XCBuildConfiguration;
			buildSettings = {
				ASSETCATALOG_COMPILER_APPICON_NAME = AppIcon;
				CODE_SIGN_STYLE = Automatic;
				DEVELOPMENT_TEAM = GC8SPUUSA6;
				INFOPLIST_FILE = "$(SRCROOT)/ParadiseOfDrinks/Supporting files/Info.plist";
				LD_RUNPATH_SEARCH_PATHS = (
					"$(inherited)",
					"@executable_path/Frameworks",
				);
				PRODUCT_BUNDLE_IDENTIFIER = "com.gmail-e.e.romanchenko.ParadiseOfDrinks";
				PRODUCT_NAME = "$(TARGET_NAME)";
				SWIFT_VERSION = 5.0;
				TARGETED_DEVICE_FAMILY = "1,2";
			};
			name = Debug;
		};
		C6CC392D251881FE00EE9DD8 /* Release */ = {
			isa = XCBuildConfiguration;
			buildSettings = {
				ASSETCATALOG_COMPILER_APPICON_NAME = AppIcon;
				CODE_SIGN_STYLE = Automatic;
				DEVELOPMENT_TEAM = GC8SPUUSA6;
				INFOPLIST_FILE = "$(SRCROOT)/ParadiseOfDrinks/Supporting files/Info.plist";
				LD_RUNPATH_SEARCH_PATHS = (
					"$(inherited)",
					"@executable_path/Frameworks",
				);
				PRODUCT_BUNDLE_IDENTIFIER = "com.gmail-e.e.romanchenko.ParadiseOfDrinks";
				PRODUCT_NAME = "$(TARGET_NAME)";
				SWIFT_VERSION = 5.0;
				TARGETED_DEVICE_FAMILY = "1,2";
			};
			name = Release;
		};
/* End XCBuildConfiguration section */

/* Begin XCConfigurationList section */
		C6CC3912251881FC00EE9DD8 /* Build configuration list for PBXProject "ParadiseOfDrinks" */ = {
			isa = XCConfigurationList;
			buildConfigurations = (
				C6CC3929251881FE00EE9DD8 /* Debug */,
				C6CC392A251881FE00EE9DD8 /* Release */,
			);
			defaultConfigurationIsVisible = 0;
			defaultConfigurationName = Release;
		};
		C6CC392B251881FE00EE9DD8 /* Build configuration list for PBXNativeTarget "ParadiseOfDrinks" */ = {
			isa = XCConfigurationList;
			buildConfigurations = (
				C6CC392C251881FE00EE9DD8 /* Debug */,
				C6CC392D251881FE00EE9DD8 /* Release */,
			);
			defaultConfigurationIsVisible = 0;
			defaultConfigurationName = Release;
		};
/* End XCConfigurationList section */

/* Begin XCRemoteSwiftPackageReference section */
		C6CC393A251887AF00EE9DD8 /* XCRemoteSwiftPackageReference "Alamofire" */ = {
			isa = XCRemoteSwiftPackageReference;
			repositoryURL = "https://github.com/Alamofire/Alamofire";
			requirement = {
				kind = upToNextMajorVersion;
				minimumVersion = 5.2.2;
			};
		};
		C6CC393D251887F700EE9DD8 /* XCRemoteSwiftPackageReference "SDWebImage" */ = {
			isa = XCRemoteSwiftPackageReference;
			repositoryURL = "https://github.com/SDWebImage/SDWebImage";
			requirement = {
				kind = upToNextMajorVersion;
				minimumVersion = 5.9.1;
			};
		};
/* End XCRemoteSwiftPackageReference section */

/* Begin XCSwiftPackageProductDependency section */
		C6CC393B251887AF00EE9DD8 /* Alamofire */ = {
			isa = XCSwiftPackageProductDependency;
			package = C6CC393A251887AF00EE9DD8 /* XCRemoteSwiftPackageReference "Alamofire" */;
			productName = Alamofire;
		};
		C6CC393E251887F700EE9DD8 /* SDWebImage */ = {
			isa = XCSwiftPackageProductDependency;
			package = C6CC393D251887F700EE9DD8 /* XCRemoteSwiftPackageReference "SDWebImage" */;
			productName = SDWebImage;
		};
		C6CC3940251887F700EE9DD8 /* SDWebImageMapKit */ = {
			isa = XCSwiftPackageProductDependency;
			package = C6CC393D251887F700EE9DD8 /* XCRemoteSwiftPackageReference "SDWebImage" */;
			productName = SDWebImageMapKit;
		};
/* End XCSwiftPackageProductDependency section */
	};
	rootObject = C6CC390F251881FC00EE9DD8 /* Project object */;
}
